// !$*UTF8*$!
{
	archiveVersion = 1;
	classes = {
	};
	objectVersion = 56;
	objects = {

/* Begin PBXBuildFile section */
		3BEC6FD52B5D2B0F00100BC2 /* PromovaTestAppApp.swift in Sources */ = {isa = PBXBuildFile; fileRef = 3BEC6FD42B5D2B0F00100BC2 /* PromovaTestAppApp.swift */; };
		3BEC6FD72B5D2B0F00100BC2 /* ContentView.swift in Sources */ = {isa = PBXBuildFile; fileRef = 3BEC6FD62B5D2B0F00100BC2 /* ContentView.swift */; };
		3BEC6FD92B5D2B0F00100BC2 /* Assets.xcassets in Resources */ = {isa = PBXBuildFile; fileRef = 3BEC6FD82B5D2B0F00100BC2 /* Assets.xcassets */; };
		3BEC6FDC2B5D2B0F00100BC2 /* Preview Assets.xcassets in Resources */ = {isa = PBXBuildFile; fileRef = 3BEC6FDB2B5D2B0F00100BC2 /* Preview Assets.xcassets */; };
		3BEC6FE42B5D2CFF00100BC2 /* ComposableArchitecture in Frameworks */ = {isa = PBXBuildFile; productRef = 3BEC6FE32B5D2CFF00100BC2 /* ComposableArchitecture */; };
		3BEC6FE72B5D2DE200100BC2 /* CategoriesListView.swift in Sources */ = {isa = PBXBuildFile; fileRef = 3BEC6FE62B5D2DE200100BC2 /* CategoriesListView.swift */; };
		3BEC6FE92B5D2DF800100BC2 /* CategoryCellView.swift in Sources */ = {isa = PBXBuildFile; fileRef = 3BEC6FE82B5D2DF800100BC2 /* CategoryCellView.swift */; };
		3BEC6FEB2B5D390600100BC2 /* CategoriesListDomain.swift in Sources */ = {isa = PBXBuildFile; fileRef = 3BEC6FEA2B5D390600100BC2 /* CategoriesListDomain.swift */; };
		3BEC6FF12B5D3BA700100BC2 /* Animal.swift in Sources */ = {isa = PBXBuildFile; fileRef = 3BEC6FF02B5D3BA700100BC2 /* Animal.swift */; };
		3BEC6FFE2B5D87FD00100BC2 /* APIClient.swift in Sources */ = {isa = PBXBuildFile; fileRef = 3BEC6FFD2B5D87FD00100BC2 /* APIClient.swift */; };
		3BEC70022B60076900100BC2 /* EmptyFactsStateView.swift in Sources */ = {isa = PBXBuildFile; fileRef = 3BEC70012B60076900100BC2 /* EmptyFactsStateView.swift */; };
		3BEC70042B61499500100BC2 /* LoadingView.swift in Sources */ = {isa = PBXBuildFile; fileRef = 3BEC70032B61499500100BC2 /* LoadingView.swift */; };
		3BEC70072B614C2B00100BC2 /* DataLoadingStatus.swift in Sources */ = {isa = PBXBuildFile; fileRef = 3BEC70062B614C2B00100BC2 /* DataLoadingStatus.swift */; };
		3BEC70092B614D4E00100BC2 /* ErrorView.swift in Sources */ = {isa = PBXBuildFile; fileRef = 3BEC70082B614D4E00100BC2 /* ErrorView.swift */; };
		3BEC700D2B6157FE00100BC2 /* Fact.swift in Sources */ = {isa = PBXBuildFile; fileRef = 3BEC700C2B6157FE00100BC2 /* Fact.swift */; };
		3BEC70162B615D5800100BC2 /* FactsListDomain.swift in Sources */ = {isa = PBXBuildFile; fileRef = 3BEC70112B615D5800100BC2 /* FactsListDomain.swift */; };
		3BEC70172B615D5800100BC2 /* FactsListView.swift in Sources */ = {isa = PBXBuildFile; fileRef = 3BEC70122B615D5800100BC2 /* FactsListView.swift */; };
		3BEC70182B615D5800100BC2 /* FactView.swift in Sources */ = {isa = PBXBuildFile; fileRef = 3BEC70142B615D5800100BC2 /* FactView.swift */; };
		3BEC70192B615D5800100BC2 /* FactDomain.swift in Sources */ = {isa = PBXBuildFile; fileRef = 3BEC70152B615D5800100BC2 /* FactDomain.swift */; };
		3BEC701C2B61677D00100BC2 /* Images.swift in Sources */ = {isa = PBXBuildFile; fileRef = 3BEC701B2B61677D00100BC2 /* Images.swift */; };
		3BEC701E2B616E3C00100BC2 /* ActivityView.swift in Sources */ = {isa = PBXBuildFile; fileRef = 3BEC701D2B616E3C00100BC2 /* ActivityView.swift */; };
/* End PBXBuildFile section */

/* Begin PBXFileReference section */
		3BEC6FD12B5D2B0F00100BC2 /* PromovaTestApp.app */ = {isa = PBXFileReference; explicitFileType = wrapper.application; includeInIndex = 0; path = PromovaTestApp.app; sourceTree = BUILT_PRODUCTS_DIR; };
		3BEC6FD42B5D2B0F00100BC2 /* PromovaTestAppApp.swift */ = {isa = PBXFileReference; lastKnownFileType = sourcecode.swift; path = PromovaTestAppApp.swift; sourceTree = "<group>"; };
		3BEC6FD62B5D2B0F00100BC2 /* ContentView.swift */ = {isa = PBXFileReference; lastKnownFileType = sourcecode.swift; path = ContentView.swift; sourceTree = "<group>"; };
		3BEC6FD82B5D2B0F00100BC2 /* Assets.xcassets */ = {isa = PBXFileReference; lastKnownFileType = folder.assetcatalog; path = Assets.xcassets; sourceTree = "<group>"; };
		3BEC6FDB2B5D2B0F00100BC2 /* Preview Assets.xcassets */ = {isa = PBXFileReference; lastKnownFileType = folder.assetcatalog; path = "Preview Assets.xcassets"; sourceTree = "<group>"; };
		3BEC6FE62B5D2DE200100BC2 /* CategoriesListView.swift */ = {isa = PBXFileReference; lastKnownFileType = sourcecode.swift; path = CategoriesListView.swift; sourceTree = "<group>"; };
		3BEC6FE82B5D2DF800100BC2 /* CategoryCellView.swift */ = {isa = PBXFileReference; lastKnownFileType = sourcecode.swift; path = CategoryCellView.swift; sourceTree = "<group>"; };
		3BEC6FEA2B5D390600100BC2 /* CategoriesListDomain.swift */ = {isa = PBXFileReference; lastKnownFileType = sourcecode.swift; path = CategoriesListDomain.swift; sourceTree = "<group>"; };
		3BEC6FF02B5D3BA700100BC2 /* Animal.swift */ = {isa = PBXFileReference; lastKnownFileType = sourcecode.swift; path = Animal.swift; sourceTree = "<group>"; };
		3BEC6FFD2B5D87FD00100BC2 /* APIClient.swift */ = {isa = PBXFileReference; lastKnownFileType = sourcecode.swift; path = APIClient.swift; sourceTree = "<group>"; };
		3BEC70012B60076900100BC2 /* EmptyFactsStateView.swift */ = {isa = PBXFileReference; lastKnownFileType = sourcecode.swift; path = EmptyFactsStateView.swift; sourceTree = "<group>"; };
		3BEC70032B61499500100BC2 /* LoadingView.swift */ = {isa = PBXFileReference; lastKnownFileType = sourcecode.swift; path = LoadingView.swift; sourceTree = "<group>"; };
		3BEC70062B614C2B00100BC2 /* DataLoadingStatus.swift */ = {isa = PBXFileReference; lastKnownFileType = sourcecode.swift; path = DataLoadingStatus.swift; sourceTree = "<group>"; };
		3BEC70082B614D4E00100BC2 /* ErrorView.swift */ = {isa = PBXFileReference; lastKnownFileType = sourcecode.swift; path = ErrorView.swift; sourceTree = "<group>"; };
		3BEC700C2B6157FE00100BC2 /* Fact.swift */ = {isa = PBXFileReference; lastKnownFileType = sourcecode.swift; path = Fact.swift; sourceTree = "<group>"; };
		3BEC70112B615D5800100BC2 /* FactsListDomain.swift */ = {isa = PBXFileReference; fileEncoding = 4; lastKnownFileType = sourcecode.swift; path = FactsListDomain.swift; sourceTree = "<group>"; };
		3BEC70122B615D5800100BC2 /* FactsListView.swift */ = {isa = PBXFileReference; fileEncoding = 4; lastKnownFileType = sourcecode.swift; path = FactsListView.swift; sourceTree = "<group>"; };
		3BEC70142B615D5800100BC2 /* FactView.swift */ = {isa = PBXFileReference; fileEncoding = 4; lastKnownFileType = sourcecode.swift; path = FactView.swift; sourceTree = "<group>"; };
		3BEC70152B615D5800100BC2 /* FactDomain.swift */ = {isa = PBXFileReference; fileEncoding = 4; lastKnownFileType = sourcecode.swift; path = FactDomain.swift; sourceTree = "<group>"; };
		3BEC701B2B61677D00100BC2 /* Images.swift */ = {isa = PBXFileReference; lastKnownFileType = sourcecode.swift; path = Images.swift; sourceTree = "<group>"; };
		3BEC701D2B616E3C00100BC2 /* ActivityView.swift */ = {isa = PBXFileReference; lastKnownFileType = sourcecode.swift; path = ActivityView.swift; sourceTree = "<group>"; };
/* End PBXFileReference section */

/* Begin PBXFrameworksBuildPhase section */
		3BEC6FCE2B5D2B0F00100BC2 /* Frameworks */ = {
			isa = PBXFrameworksBuildPhase;
			buildActionMask = 2147483647;
			files = (
				3BEC6FE42B5D2CFF00100BC2 /* ComposableArchitecture in Frameworks */,
			);
			runOnlyForDeploymentPostprocessing = 0;
		};
/* End PBXFrameworksBuildPhase section */

/* Begin PBXGroup section */
		3BEC6FC82B5D2B0F00100BC2 = {
			isa = PBXGroup;
			children = (
				3BEC6FD32B5D2B0F00100BC2 /* PromovaTestApp */,
				3BEC6FD22B5D2B0F00100BC2 /* Products */,
			);
			sourceTree = "<group>";
		};
		3BEC6FD22B5D2B0F00100BC2 /* Products */ = {
			isa = PBXGroup;
			children = (
				3BEC6FD12B5D2B0F00100BC2 /* PromovaTestApp.app */,
			);
			name = Products;
			sourceTree = "<group>";
		};
		3BEC6FD32B5D2B0F00100BC2 /* PromovaTestApp */ = {
			isa = PBXGroup;
			children = (
				3BEC701A2B61677000100BC2 /* Utility */,
				3BEC70052B614B6900100BC2 /* UIComponents */,
				3BEC6FFC2B5D87F300100BC2 /* Network */,
				3BEC6FEF2B5D3BA100100BC2 /* Models */,
				3BEC6FEC2B5D3A4100100BC2 /* Facts */,
				3BEC6FE52B5D2DD000100BC2 /* Categories */,
				3BEC6FD42B5D2B0F00100BC2 /* PromovaTestAppApp.swift */,
				3BEC6FD62B5D2B0F00100BC2 /* ContentView.swift */,
				3BEC6FD82B5D2B0F00100BC2 /* Assets.xcassets */,
				3BEC6FDA2B5D2B0F00100BC2 /* Preview Content */,
			);
			path = PromovaTestApp;
			sourceTree = "<group>";
		};
		3BEC6FDA2B5D2B0F00100BC2 /* Preview Content */ = {
			isa = PBXGroup;
			children = (
				3BEC6FDB2B5D2B0F00100BC2 /* Preview Assets.xcassets */,
			);
			path = "Preview Content";
			sourceTree = "<group>";
		};
		3BEC6FE52B5D2DD000100BC2 /* Categories */ = {
			isa = PBXGroup;
			children = (
				3BEC6FE62B5D2DE200100BC2 /* CategoriesListView.swift */,
				3BEC6FE82B5D2DF800100BC2 /* CategoryCellView.swift */,
				3BEC6FEA2B5D390600100BC2 /* CategoriesListDomain.swift */,
			);
			path = Categories;
			sourceTree = "<group>";
		};
		3BEC6FEC2B5D3A4100100BC2 /* Facts */ = {
			isa = PBXGroup;
			children = (
				3BEC70132B615D5800100BC2 /* FactDetails */,
				3BEC70102B615D5800100BC2 /* FactList */,
			);
			path = Facts;
			sourceTree = "<group>";
		};
		3BEC6FEF2B5D3BA100100BC2 /* Models */ = {
			isa = PBXGroup;
			children = (
				3BEC6FF02B5D3BA700100BC2 /* Animal.swift */,
				3BEC700C2B6157FE00100BC2 /* Fact.swift */,
			);
			path = Models;
			sourceTree = "<group>";
		};
		3BEC6FFC2B5D87F300100BC2 /* Network */ = {
			isa = PBXGroup;
			children = (
				3BEC6FFD2B5D87FD00100BC2 /* APIClient.swift */,
				3BEC70062B614C2B00100BC2 /* DataLoadingStatus.swift */,
			);
			path = Network;
			sourceTree = "<group>";
		};
		3BEC70052B614B6900100BC2 /* UIComponents */ = {
			isa = PBXGroup;
			children = (
				3BEC70032B61499500100BC2 /* LoadingView.swift */,
				3BEC70012B60076900100BC2 /* EmptyFactsStateView.swift */,
				3BEC70082B614D4E00100BC2 /* ErrorView.swift */,
			);
			path = UIComponents;
			sourceTree = "<group>";
		};
		3BEC70102B615D5800100BC2 /* FactList */ = {
			isa = PBXGroup;
			children = (
				3BEC70112B615D5800100BC2 /* FactsListDomain.swift */,
				3BEC70122B615D5800100BC2 /* FactsListView.swift */,
			);
			path = FactList;
			sourceTree = "<group>";
		};
		3BEC70132B615D5800100BC2 /* FactDetails */ = {
			isa = PBXGroup;
			children = (
				3BEC70142B615D5800100BC2 /* FactView.swift */,
				3BEC70152B615D5800100BC2 /* FactDomain.swift */,
				3BEC701D2B616E3C00100BC2 /* ActivityView.swift */,
			);
			path = FactDetails;
			sourceTree = "<group>";
		};
		3BEC701A2B61677000100BC2 /* Utility */ = {
			isa = PBXGroup;
			children = (
				3BEC701B2B61677D00100BC2 /* Images.swift */,
			);
			path = Utility;
			sourceTree = "<group>";
		};
/* End PBXGroup section */

/* Begin PBXNativeTarget section */
		3BEC6FD02B5D2B0F00100BC2 /* PromovaTestApp */ = {
			isa = PBXNativeTarget;
			buildConfigurationList = 3BEC6FDF2B5D2B0F00100BC2 /* Build configuration list for PBXNativeTarget "PromovaTestApp" */;
			buildPhases = (
				3BEC6FCD2B5D2B0F00100BC2 /* Sources */,
				3BEC6FCE2B5D2B0F00100BC2 /* Frameworks */,
				3BEC6FCF2B5D2B0F00100BC2 /* Resources */,
			);
			buildRules = (
			);
			dependencies = (
			);
			name = PromovaTestApp;
			packageProductDependencies = (
				3BEC6FE32B5D2CFF00100BC2 /* ComposableArchitecture */,
			);
			productName = PromovaTestApp;
			productReference = 3BEC6FD12B5D2B0F00100BC2 /* PromovaTestApp.app */;
			productType = "com.apple.product-type.application";
		};
/* End PBXNativeTarget section */

/* Begin PBXProject section */
		3BEC6FC92B5D2B0F00100BC2 /* Project object */ = {
			isa = PBXProject;
			attributes = {
				BuildIndependentTargetsInParallel = 1;
				LastSwiftUpdateCheck = 1510;
				LastUpgradeCheck = 1510;
				TargetAttributes = {
					3BEC6FD02B5D2B0F00100BC2 = {
						CreatedOnToolsVersion = 15.1;
					};
				};
			};
			buildConfigurationList = 3BEC6FCC2B5D2B0F00100BC2 /* Build configuration list for PBXProject "PromovaTestApp" */;
			compatibilityVersion = "Xcode 14.0";
			developmentRegion = en;
			hasScannedForEncodings = 0;
			knownRegions = (
				en,
				Base,
			);
			mainGroup = 3BEC6FC82B5D2B0F00100BC2;
			packageReferences = (
				3BEC6FE22B5D2CFF00100BC2 /* XCRemoteSwiftPackageReference "swift-composable-architecture" */,
			);
			productRefGroup = 3BEC6FD22B5D2B0F00100BC2 /* Products */;
			projectDirPath = "";
			projectRoot = "";
			targets = (
				3BEC6FD02B5D2B0F00100BC2 /* PromovaTestApp */,
			);
		};
/* End PBXProject section */

/* Begin PBXResourcesBuildPhase section */
		3BEC6FCF2B5D2B0F00100BC2 /* Resources */ = {
			isa = PBXResourcesBuildPhase;
			buildActionMask = 2147483647;
			files = (
				3BEC6FDC2B5D2B0F00100BC2 /* Preview Assets.xcassets in Resources */,
				3BEC6FD92B5D2B0F00100BC2 /* Assets.xcassets in Resources */,
			);
			runOnlyForDeploymentPostprocessing = 0;
		};
/* End PBXResourcesBuildPhase section */

/* Begin PBXSourcesBuildPhase section */
		3BEC6FCD2B5D2B0F00100BC2 /* Sources */ = {
			isa = PBXSourcesBuildPhase;
			buildActionMask = 2147483647;
			files = (
				3BEC6FD72B5D2B0F00100BC2 /* ContentView.swift in Sources */,
				3BEC70192B615D5800100BC2 /* FactDomain.swift in Sources */,
				3BEC70042B61499500100BC2 /* LoadingView.swift in Sources */,
				3BEC701C2B61677D00100BC2 /* Images.swift in Sources */,
				3BEC6FF12B5D3BA700100BC2 /* Animal.swift in Sources */,
				3BEC701E2B616E3C00100BC2 /* ActivityView.swift in Sources */,
				3BEC70022B60076900100BC2 /* EmptyFactsStateView.swift in Sources */,
				3BEC70172B615D5800100BC2 /* FactsListView.swift in Sources */,
				3BEC6FD52B5D2B0F00100BC2 /* PromovaTestAppApp.swift in Sources */,
				3BEC70182B615D5800100BC2 /* FactView.swift in Sources */,
				3BEC6FE92B5D2DF800100BC2 /* CategoryCellView.swift in Sources */,
				3BEC70092B614D4E00100BC2 /* ErrorView.swift in Sources */,
				3BEC70162B615D5800100BC2 /* FactsListDomain.swift in Sources */,
				3BEC6FEB2B5D390600100BC2 /* CategoriesListDomain.swift in Sources */,
				3BEC6FE72B5D2DE200100BC2 /* CategoriesListView.swift in Sources */,
				3BEC700D2B6157FE00100BC2 /* Fact.swift in Sources */,
				3BEC70072B614C2B00100BC2 /* DataLoadingStatus.swift in Sources */,
				3BEC6FFE2B5D87FD00100BC2 /* APIClient.swift in Sources */,
			);
			runOnlyForDeploymentPostprocessing = 0;
		};
/* End PBXSourcesBuildPhase section */

/* Begin XCBuildConfiguration section */
		3BEC6FDD2B5D2B0F00100BC2 /* Debug */ = {
			isa = XCBuildConfiguration;
			buildSettings = {
				ALWAYS_SEARCH_USER_PATHS = NO;
				ASSETCATALOG_COMPILER_GENERATE_SWIFT_ASSET_SYMBOL_EXTENSIONS = YES;
				CLANG_ANALYZER_NONNULL = YES;
				CLANG_ANALYZER_NUMBER_OBJECT_CONVERSION = YES_AGGRESSIVE;
				CLANG_CXX_LANGUAGE_STANDARD = "gnu++20";
				CLANG_ENABLE_MODULES = YES;
				CLANG_ENABLE_OBJC_ARC = YES;
				CLANG_ENABLE_OBJC_WEAK = YES;
				CLANG_WARN_BLOCK_CAPTURE_AUTORELEASING = YES;
				CLANG_WARN_BOOL_CONVERSION = YES;
				CLANG_WARN_COMMA = YES;
				CLANG_WARN_CONSTANT_CONVERSION = YES;
				CLANG_WARN_DEPRECATED_OBJC_IMPLEMENTATIONS = YES;
				CLANG_WARN_DIRECT_OBJC_ISA_USAGE = YES_ERROR;
				CLANG_WARN_DOCUMENTATION_COMMENTS = YES;
				CLANG_WARN_EMPTY_BODY = YES;
				CLANG_WARN_ENUM_CONVERSION = YES;
				CLANG_WARN_INFINITE_RECURSION = YES;
				CLANG_WARN_INT_CONVERSION = YES;
				CLANG_WARN_NON_LITERAL_NULL_CONVERSION = YES;
				CLANG_WARN_OBJC_IMPLICIT_RETAIN_SELF = YES;
				CLANG_WARN_OBJC_LITERAL_CONVERSION = YES;
				CLANG_WARN_OBJC_ROOT_CLASS = YES_ERROR;
				CLANG_WARN_QUOTED_INCLUDE_IN_FRAMEWORK_HEADER = YES;
				CLANG_WARN_RANGE_LOOP_ANALYSIS = YES;
				CLANG_WARN_STRICT_PROTOTYPES = YES;
				CLANG_WARN_SUSPICIOUS_MOVE = YES;
				CLANG_WARN_UNGUARDED_AVAILABILITY = YES_AGGRESSIVE;
				CLANG_WARN_UNREACHABLE_CODE = YES;
				CLANG_WARN__DUPLICATE_METHOD_MATCH = YES;
				COPY_PHASE_STRIP = NO;
				DEBUG_INFORMATION_FORMAT = dwarf;
				ENABLE_STRICT_OBJC_MSGSEND = YES;
				ENABLE_TESTABILITY = YES;
				ENABLE_USER_SCRIPT_SANDBOXING = YES;
				GCC_C_LANGUAGE_STANDARD = gnu17;
				GCC_DYNAMIC_NO_PIC = NO;
				GCC_NO_COMMON_BLOCKS = YES;
				GCC_OPTIMIZATION_LEVEL = 0;
				GCC_PREPROCESSOR_DEFINITIONS = (
					"DEBUG=1",
					"$(inherited)",
				);
				GCC_WARN_64_TO_32_BIT_CONVERSION = YES;
				GCC_WARN_ABOUT_RETURN_TYPE = YES_ERROR;
				GCC_WARN_UNDECLARED_SELECTOR = YES;
				GCC_WARN_UNINITIALIZED_AUTOS = YES_AGGRESSIVE;
				GCC_WARN_UNUSED_FUNCTION = YES;
				GCC_WARN_UNUSED_VARIABLE = YES;
				IPHONEOS_DEPLOYMENT_TARGET = 17.2;
				LOCALIZATION_PREFERS_STRING_CATALOGS = YES;
				MTL_ENABLE_DEBUG_INFO = INCLUDE_SOURCE;
				MTL_FAST_MATH = YES;
				ONLY_ACTIVE_ARCH = YES;
				SDKROOT = iphoneos;
				SWIFT_ACTIVE_COMPILATION_CONDITIONS = "DEBUG $(inherited)";
				SWIFT_OPTIMIZATION_LEVEL = "-Onone";
			};
			name = Debug;
		};
		3BEC6FDE2B5D2B0F00100BC2 /* Release */ = {
			isa = XCBuildConfiguration;
			buildSettings = {
				ALWAYS_SEARCH_USER_PATHS = NO;
				ASSETCATALOG_COMPILER_GENERATE_SWIFT_ASSET_SYMBOL_EXTENSIONS = YES;
				CLANG_ANALYZER_NONNULL = YES;
				CLANG_ANALYZER_NUMBER_OBJECT_CONVERSION = YES_AGGRESSIVE;
				CLANG_CXX_LANGUAGE_STANDARD = "gnu++20";
				CLANG_ENABLE_MODULES = YES;
				CLANG_ENABLE_OBJC_ARC = YES;
				CLANG_ENABLE_OBJC_WEAK = YES;
				CLANG_WARN_BLOCK_CAPTURE_AUTORELEASING = YES;
				CLANG_WARN_BOOL_CONVERSION = YES;
				CLANG_WARN_COMMA = YES;
				CLANG_WARN_CONSTANT_CONVERSION = YES;
				CLANG_WARN_DEPRECATED_OBJC_IMPLEMENTATIONS = YES;
				CLANG_WARN_DIRECT_OBJC_ISA_USAGE = YES_ERROR;
				CLANG_WARN_DOCUMENTATION_COMMENTS = YES;
				CLANG_WARN_EMPTY_BODY = YES;
				CLANG_WARN_ENUM_CONVERSION = YES;
				CLANG_WARN_INFINITE_RECURSION = YES;
				CLANG_WARN_INT_CONVERSION = YES;
				CLANG_WARN_NON_LITERAL_NULL_CONVERSION = YES;
				CLANG_WARN_OBJC_IMPLICIT_RETAIN_SELF = YES;
				CLANG_WARN_OBJC_LITERAL_CONVERSION = YES;
				CLANG_WARN_OBJC_ROOT_CLASS = YES_ERROR;
				CLANG_WARN_QUOTED_INCLUDE_IN_FRAMEWORK_HEADER = YES;
				CLANG_WARN_RANGE_LOOP_ANALYSIS = YES;
				CLANG_WARN_STRICT_PROTOTYPES = YES;
				CLANG_WARN_SUSPICIOUS_MOVE = YES;
				CLANG_WARN_UNGUARDED_AVAILABILITY = YES_AGGRESSIVE;
				CLANG_WARN_UNREACHABLE_CODE = YES;
				CLANG_WARN__DUPLICATE_METHOD_MATCH = YES;
				COPY_PHASE_STRIP = NO;
				DEBUG_INFORMATION_FORMAT = "dwarf-with-dsym";
				ENABLE_NS_ASSERTIONS = NO;
				ENABLE_STRICT_OBJC_MSGSEND = YES;
				ENABLE_USER_SCRIPT_SANDBOXING = YES;
				GCC_C_LANGUAGE_STANDARD = gnu17;
				GCC_NO_COMMON_BLOCKS = YES;
				GCC_WARN_64_TO_32_BIT_CONVERSION = YES;
				GCC_WARN_ABOUT_RETURN_TYPE = YES_ERROR;
				GCC_WARN_UNDECLARED_SELECTOR = YES;
				GCC_WARN_UNINITIALIZED_AUTOS = YES_AGGRESSIVE;
				GCC_WARN_UNUSED_FUNCTION = YES;
				GCC_WARN_UNUSED_VARIABLE = YES;
				IPHONEOS_DEPLOYMENT_TARGET = 17.2;
				LOCALIZATION_PREFERS_STRING_CATALOGS = YES;
				MTL_ENABLE_DEBUG_INFO = NO;
				MTL_FAST_MATH = YES;
				SDKROOT = iphoneos;
				SWIFT_COMPILATION_MODE = wholemodule;
				VALIDATE_PRODUCT = YES;
			};
			name = Release;
		};
		3BEC6FE02B5D2B0F00100BC2 /* Debug */ = {
			isa = XCBuildConfiguration;
			buildSettings = {
				ASSETCATALOG_COMPILER_APPICON_NAME = AppIcon;
				ASSETCATALOG_COMPILER_GLOBAL_ACCENT_COLOR_NAME = AccentColor;
				CODE_SIGN_STYLE = Automatic;
				CURRENT_PROJECT_VERSION = 1;
				DEVELOPMENT_ASSET_PATHS = "\"PromovaTestApp/Preview Content\"";
				DEVELOPMENT_TEAM = 9MDS32W273;
				ENABLE_PREVIEWS = YES;
				GENERATE_INFOPLIST_FILE = YES;
				INFOPLIST_KEY_UIApplicationSceneManifest_Generation = YES;
				INFOPLIST_KEY_UIApplicationSupportsIndirectInputEvents = YES;
				INFOPLIST_KEY_UILaunchScreen_Generation = YES;
				INFOPLIST_KEY_UISupportedInterfaceOrientations_iPad = "UIInterfaceOrientationPortrait UIInterfaceOrientationPortraitUpsideDown UIInterfaceOrientationLandscapeLeft UIInterfaceOrientationLandscapeRight";
				INFOPLIST_KEY_UISupportedInterfaceOrientations_iPhone = "UIInterfaceOrientationPortrait UIInterfaceOrientationLandscapeLeft UIInterfaceOrientationLandscapeRight";
				LD_RUNPATH_SEARCH_PATHS = (
					"$(inherited)",
					"@executable_path/Frameworks",
				);
				MARKETING_VERSION = 1.0;
				PRODUCT_BUNDLE_IDENTIFIER = YevhenKononenko.PromovaTestApp;
				PRODUCT_NAME = "$(TARGET_NAME)";
				SWIFT_EMIT_LOC_STRINGS = YES;
				SWIFT_VERSION = 5.0;
				TARGETED_DEVICE_FAMILY = "1,2";
			};
			name = Debug;
		};
		3BEC6FE12B5D2B0F00100BC2 /* Release */ = {
			isa = XCBuildConfiguration;
			buildSettings = {
				ASSETCATALOG_COMPILER_APPICON_NAME = AppIcon;
				ASSETCATALOG_COMPILER_GLOBAL_ACCENT_COLOR_NAME = AccentColor;
				CODE_SIGN_STYLE = Automatic;
				CURRENT_PROJECT_VERSION = 1;
				DEVELOPMENT_ASSET_PATHS = "\"PromovaTestApp/Preview Content\"";
				DEVELOPMENT_TEAM = 9MDS32W273;
				ENABLE_PREVIEWS = YES;
				GENERATE_INFOPLIST_FILE = YES;
				INFOPLIST_KEY_UIApplicationSceneManifest_Generation = YES;
				INFOPLIST_KEY_UIApplicationSupportsIndirectInputEvents = YES;
				INFOPLIST_KEY_UILaunchScreen_Generation = YES;
				INFOPLIST_KEY_UISupportedInterfaceOrientations_iPad = "UIInterfaceOrientationPortrait UIInterfaceOrientationPortraitUpsideDown UIInterfaceOrientationLandscapeLeft UIInterfaceOrientationLandscapeRight";
				INFOPLIST_KEY_UISupportedInterfaceOrientations_iPhone = "UIInterfaceOrientationPortrait UIInterfaceOrientationLandscapeLeft UIInterfaceOrientationLandscapeRight";
				LD_RUNPATH_SEARCH_PATHS = (
					"$(inherited)",
					"@executable_path/Frameworks",
				);
				MARKETING_VERSION = 1.0;
				PRODUCT_BUNDLE_IDENTIFIER = YevhenKononenko.PromovaTestApp;
				PRODUCT_NAME = "$(TARGET_NAME)";
				SWIFT_EMIT_LOC_STRINGS = YES;
				SWIFT_VERSION = 5.0;
				TARGETED_DEVICE_FAMILY = "1,2";
			};
			name = Release;
		};
/* End XCBuildConfiguration section */

/* Begin XCConfigurationList section */
		3BEC6FCC2B5D2B0F00100BC2 /* Build configuration list for PBXProject "PromovaTestApp" */ = {
			isa = XCConfigurationList;
			buildConfigurations = (
				3BEC6FDD2B5D2B0F00100BC2 /* Debug */,
				3BEC6FDE2B5D2B0F00100BC2 /* Release */,
			);
			defaultConfigurationIsVisible = 0;
			defaultConfigurationName = Release;
		};
		3BEC6FDF2B5D2B0F00100BC2 /* Build configuration list for PBXNativeTarget "PromovaTestApp" */ = {
			isa = XCConfigurationList;
			buildConfigurations = (
				3BEC6FE02B5D2B0F00100BC2 /* Debug */,
				3BEC6FE12B5D2B0F00100BC2 /* Release */,
			);
			defaultConfigurationIsVisible = 0;
			defaultConfigurationName = Release;
		};
/* End XCConfigurationList section */

/* Begin XCRemoteSwiftPackageReference section */
		3BEC6FE22B5D2CFF00100BC2 /* XCRemoteSwiftPackageReference "swift-composable-architecture" */ = {
			isa = XCRemoteSwiftPackageReference;
			repositoryURL = "https://github.com/pointfreeco/swift-composable-architecture.git";
			requirement = {
				kind = upToNextMajorVersion;
				minimumVersion = 1.6.0;
			};
		};
/* End XCRemoteSwiftPackageReference section */

/* Begin XCSwiftPackageProductDependency section */
		3BEC6FE32B5D2CFF00100BC2 /* ComposableArchitecture */ = {
			isa = XCSwiftPackageProductDependency;
			package = 3BEC6FE22B5D2CFF00100BC2 /* XCRemoteSwiftPackageReference "swift-composable-architecture" */;
			productName = ComposableArchitecture;
		};
/* End XCSwiftPackageProductDependency section */
	};
	rootObject = 3BEC6FC92B5D2B0F00100BC2 /* Project object */;
}
